
Microsoft Visual Studio Solution File, Format Version 12.00
# Visual Studio Version 16
VisualStudioVersion = 16.0.30011.22
MinimumVisualStudioVersion = 10.0.40219.1
Project("{9A19103F-16F7-4668-BE54-9A1E7A4F7556}") = "Bobber.API", "Bobber.API\Bobber.API.csproj", "{761E8DCD-7EB5-47EF-A897-FAD374D24196}"
EndProject
Global
	GlobalSection(SolutionConfigurationPlatforms) = preSolution
		Debug|Any CPU = Debug|Any CPU
		Release|Any CPU = Release|Any CPU
	EndGlobalSection
	GlobalSection(ProjectConfigurationPlatforms) = postSolution
		{761E8DCD-7EB5-47EF-A897-FAD374D24196}.Debug|Any CPU.ActiveCfg = Debug|Any CPU
		{761E8DCD-7EB5-47EF-A897-FAD374D24196}.Debug|Any CPU.Build.0 = Debug|Any CPU
		{761E8DCD-7EB5-47EF-A897-FAD374D24196}.Release|Any CPU.ActiveCfg = Release|Any CPU
		{761E8DCD-7EB5-47EF-A897-FAD374D24196}.Release|Any CPU.Build.0 = Release|Any CPU
	EndGlobalSection
	GlobalSection(SolutionProperties) = preSolution
		HideSolutionNode = FALSE
	EndGlobalSection
	GlobalSection(ExtensibilityGlobals) = postSolution
		SolutionGuid = {C1798EDA-FEAB-4B12-ABB2-18B1A52ACC16}
	EndGlobalSection
EndGlobal
